
Microsoft Visual Studio Solution File, Format Version 11.00
# Visual Studio 2010
Project("{FAE04EC0-301F-11D3-BF4B-00C04F79EFBC}") = "IMLibrary3", "IMLibrary3.csproj", "{A703E818-8776-4228-A4F7-45897052BCC3}"
EndProject
Global
	GlobalSection(SolutionConfigurationPlatforms) = preSolution
		Debug|Any CPU = Debug|Any CPU
		Release|Any CPU = Release|Any CPU
	EndGlobalSection
	GlobalSection(ProjectConfigurationPlatforms) = postSolution
		{A703E818-8776-4228-A4F7-45897052BCC3}.Debug|Any CPU.ActiveCfg = Debug|Any CPU
		{A703E818-8776-4228-A4F7-45897052BCC3}.Debug|Any CPU.Build.0 = Debug|Any CPU
		{A703E818-8776-4228-A4F7-45897052BCC3}.Release|Any CPU.ActiveCfg = Release|Any CPU
		{A703E818-8776-4228-A4F7-45897052BCC3}.Release|Any CPU.Build.0 = Release|Any CPU
	EndGlobalSection
	GlobalSection(SolutionProperties) = preSolution
		HideSolutionNode = FALSE
	EndGlobalSection
EndGlobal
